
Microsoft Visual Studio Solution File, Format Version 12.00
# Visual Studio Version 17
VisualStudioVersion = 17.1.32319.34
MinimumVisualStudioVersion = 10.0.40219.1
Project("{FAE04EC0-301F-11D3-BF4B-00C04F79EFBC}") = "ConsoleMon", "ConsoleMon\ConsoleMon.csproj", "{8C8F1926-74A0-435C-962E-C0421FBE0540}"
EndProject
Global
	GlobalSection(SolutionConfigurationPlatforms) = preSolution
		Debug|Any CPU = Debug|Any CPU
		Release|Any CPU = Release|Any CPU
	EndGlobalSection
	GlobalSection(ProjectConfigurationPlatforms) = postSolution
		{8C8F1926-74A0-435C-962E-C0421FBE0540}.Debug|Any CPU.ActiveCfg = Debug|Any CPU
		{8C8F1926-74A0-435C-962E-C0421FBE0540}.Debug|Any CPU.Build.0 = Debug|Any CPU
		{8C8F1926-74A0-435C-962E-C0421FBE0540}.Release|Any CPU.ActiveCfg = Release|Any CPU
		{8C8F1926-74A0-435C-962E-C0421FBE0540}.Release|Any CPU.Build.0 = Release|Any CPU
	EndGlobalSection
	GlobalSection(SolutionProperties) = preSolution
		HideSolutionNode = FALSE
	EndGlobalSection
	GlobalSection(ExtensibilityGlobals) = postSolution
		SolutionGuid = {6CEE8D58-B857-4CE8-9A3A-493817F93334}
	EndGlobalSection
EndGlobal
